{
  "name": "wrapper",
  "version": "1.0.0",
  "lockfileVersion": 3,
  "requires": true,
  "packages": {
    "": {
      "name": "wrapper",
      "version": "1.0.0",
      "license": "ISC",
      "dependencies": {
        "electron-dialog": "^2.0.0"
      }
    },
    "node_modules/electron-dialog": {
      "version": "2.0.0",
      "resolved": "https://registry.npmjs.org/electron-dialog/-/electron-dialog-2.0.0.tgz",
      "integrity": "sha512-/aLXQ+oCPLifDjtbK+BMVs8C0juYOaj3hMa6D8/dr73r6ycFGG8FL+L2+QboloF+Vi204jMjPGXi1SoByI78QQ=="
    }
  }
}
